
Microsoft Visual Studio Solution File, Format Version 12.00
# Visual Studio Version 17
VisualStudioVersion = 17.8.34004.107
MinimumVisualStudioVersion = 10.0.40219.1
Project("{9A19103F-16F7-4668-BE54-9A1E7A4F7556}") = "Prj-WF-Quan_Li_Kho", "Prj-WF-Quan_Li_Kho\Prj-WF-Quan_Li_Kho.csproj", "{149BFC98-A665-4B68-B66E-E8EB15496C1F}"
EndProject
Global
	GlobalSection(SolutionConfigurationPlatforms) = preSolution
		Debug|Any CPU = Debug|Any CPU
		Release|Any CPU = Release|Any CPU
	EndGlobalSection
	GlobalSection(ProjectConfigurationPlatforms) = postSolution
		{149BFC98-A665-4B68-B66E-E8EB15496C1F}.Debug|Any CPU.ActiveCfg = Debug|Any CPU
		{149BFC98-A665-4B68-B66E-E8EB15496C1F}.Debug|Any CPU.Build.0 = Debug|Any CPU
		{149BFC98-A665-4B68-B66E-E8EB15496C1F}.Release|Any CPU.ActiveCfg = Release|Any CPU
		{149BFC98-A665-4B68-B66E-E8EB15496C1F}.Release|Any CPU.Build.0 = Release|Any CPU
	EndGlobalSection
	GlobalSection(SolutionProperties) = preSolution
		HideSolutionNode = FALSE
	EndGlobalSection
	GlobalSection(ExtensibilityGlobals) = postSolution
		SolutionGuid = {D477D33B-34D4-447F-8549-29559E793D9C}
	EndGlobalSection
EndGlobal
